
Microsoft Visual Studio Solution File, Format Version 12.00
# Visual Studio 15
VisualStudioVersion = 15.0.27130.2027
MinimumVisualStudioVersion = 10.0.40219.1
Project("{FAE04EC0-301F-11D3-BF4B-00C04F79EFBC}") = "CheeseMVC", "CheeseMVC\CheeseMVC.csproj", "{1F83418A-F3D1-4691-87F4-BA821306068D}"
EndProject
Global
	GlobalSection(SolutionConfigurationPlatforms) = preSolution
		Debug|Any CPU = Debug|Any CPU
		Release|Any CPU = Release|Any CPU
	EndGlobalSection
	GlobalSection(ProjectConfigurationPlatforms) = postSolution
		{1F83418A-F3D1-4691-87F4-BA821306068D}.Debug|Any CPU.ActiveCfg = Debug|Any CPU
		{1F83418A-F3D1-4691-87F4-BA821306068D}.Debug|Any CPU.Build.0 = Debug|Any CPU
		{1F83418A-F3D1-4691-87F4-BA821306068D}.Release|Any CPU.ActiveCfg = Release|Any CPU
		{1F83418A-F3D1-4691-87F4-BA821306068D}.Release|Any CPU.Build.0 = Release|Any CPU
	EndGlobalSection
	GlobalSection(SolutionProperties) = preSolution
		HideSolutionNode = FALSE
	EndGlobalSection
	GlobalSection(ExtensibilityGlobals) = postSolution
		SolutionGuid = {09BC74DB-CC79-4FCD-A047-015DF1F0C1EA}
	EndGlobalSection
EndGlobal
